
Microsoft Visual Studio Solution File, Format Version 12.00
# Visual Studio Version 17
VisualStudioVersion = 17.13.35931.197 d17.13
MinimumVisualStudioVersion = 10.0.40219.1
Project("{FAE04EC0-301F-11D3-BF4B-00C04F79EFBC}") = "PI", "PI\PI.csproj", "{654AC985-013E-45F0-8704-F63DE89D047E}"
EndProject
Global
	GlobalSection(SolutionConfigurationPlatforms) = preSolution
		Debug|Any CPU = Debug|Any CPU
		Release|Any CPU = Release|Any CPU
	EndGlobalSection
	GlobalSection(ProjectConfigurationPlatforms) = postSolution
		{654AC985-013E-45F0-8704-F63DE89D047E}.Debug|Any CPU.ActiveCfg = Debug|Any CPU
		{654AC985-013E-45F0-8704-F63DE89D047E}.Debug|Any CPU.Build.0 = Debug|Any CPU
		{654AC985-013E-45F0-8704-F63DE89D047E}.Release|Any CPU.ActiveCfg = Release|Any CPU
		{654AC985-013E-45F0-8704-F63DE89D047E}.Release|Any CPU.Build.0 = Release|Any CPU
	EndGlobalSection
	GlobalSection(SolutionProperties) = preSolution
		HideSolutionNode = FALSE
	EndGlobalSection
	GlobalSection(ExtensibilityGlobals) = postSolution
		SolutionGuid = {46836101-781D-4587-8F59-9E3D20040AE4}
	EndGlobalSection
EndGlobal
